
Microsoft Visual Studio Solution File, Format Version 12.00
# Visual Studio Version 16
VisualStudioVersion = 16.0.31410.357
MinimumVisualStudioVersion = 10.0.40219.1
Project("{FAE04EC0-301F-11D3-BF4B-00C04F79EFBC}") = "04_Calculator via Functions", "04_Calculator via Functions\04_Calculator via Functions.csproj", "{2D582AE2-B695-4025-9383-DC17F86C8AD3}"
EndProject
Global
	GlobalSection(SolutionConfigurationPlatforms) = preSolution
		Debug|Any CPU = Debug|Any CPU
		Release|Any CPU = Release|Any CPU
	EndGlobalSection
	GlobalSection(ProjectConfigurationPlatforms) = postSolution
		{2D582AE2-B695-4025-9383-DC17F86C8AD3}.Debug|Any CPU.ActiveCfg = Debug|Any CPU
		{2D582AE2-B695-4025-9383-DC17F86C8AD3}.Debug|Any CPU.Build.0 = Debug|Any CPU
		{2D582AE2-B695-4025-9383-DC17F86C8AD3}.Release|Any CPU.ActiveCfg = Release|Any CPU
		{2D582AE2-B695-4025-9383-DC17F86C8AD3}.Release|Any CPU.Build.0 = Release|Any CPU
	EndGlobalSection
	GlobalSection(SolutionProperties) = preSolution
		HideSolutionNode = FALSE
	EndGlobalSection
	GlobalSection(ExtensibilityGlobals) = postSolution
		SolutionGuid = {8A944826-F95E-481F-8BFE-54E42F91622A}
	EndGlobalSection
EndGlobal
